
Microsoft Visual Studio Solution File, Format Version 12.00
# Visual Studio Version 16
VisualStudioVersion = 16.0.32126.315
MinimumVisualStudioVersion = 10.0.40219.1
Project("{FAE04EC0-301F-11D3-BF4B-00C04F79EFBC}") = "ProjetBiblioquokka.Android", "ProjetBiblioquokka\ProjetBiblioquokka.Android\ProjetBiblioquokka.Android.csproj", "{738B9EBA-AEE4-462D-A905-94D1BBACE161}"
EndProject
Project("{FAE04EC0-301F-11D3-BF4B-00C04F79EFBC}") = "ProjetBiblioquokka.iOS", "ProjetBiblioquokka\ProjetBiblioquokka.iOS\ProjetBiblioquokka.iOS.csproj", "{1CD9B79A-17E9-4C8A-BCA5-8059FE852754}"
EndProject
Project("{FAE04EC0-301F-11D3-BF4B-00C04F79EFBC}") = "ProjetBiblioquokka", "ProjetBiblioquokka\ProjetBiblioquokka\ProjetBiblioquokka.csproj", "{E701E523-DFBB-4245-891D-2B9CCE59FF47}"
EndProject
Global
	GlobalSection(SolutionConfigurationPlatforms) = preSolution
		Debug|Any CPU = Debug|Any CPU
		Debug|iPhone = Debug|iPhone
		Debug|iPhoneSimulator = Debug|iPhoneSimulator
		Release|Any CPU = Release|Any CPU
		Release|iPhone = Release|iPhone
		Release|iPhoneSimulator = Release|iPhoneSimulator
	EndGlobalSection
	GlobalSection(ProjectConfigurationPlatforms) = postSolution
		{738B9EBA-AEE4-462D-A905-94D1BBACE161}.Debug|Any CPU.ActiveCfg = Debug|Any CPU
		{738B9EBA-AEE4-462D-A905-94D1BBACE161}.Debug|Any CPU.Build.0 = Debug|Any CPU
		{738B9EBA-AEE4-462D-A905-94D1BBACE161}.Debug|Any CPU.Deploy.0 = Debug|Any CPU
		{738B9EBA-AEE4-462D-A905-94D1BBACE161}.Debug|iPhone.ActiveCfg = Debug|Any CPU
		{738B9EBA-AEE4-462D-A905-94D1BBACE161}.Debug|iPhone.Build.0 = Debug|Any CPU
		{738B9EBA-AEE4-462D-A905-94D1BBACE161}.Debug|iPhone.Deploy.0 = Debug|Any CPU
		{738B9EBA-AEE4-462D-A905-94D1BBACE161}.Debug|iPhoneSimulator.ActiveCfg = Debug|Any CPU
		{738B9EBA-AEE4-462D-A905-94D1BBACE161}.Debug|iPhoneSimulator.Build.0 = Debug|Any CPU
		{738B9EBA-AEE4-462D-A905-94D1BBACE161}.Debug|iPhoneSimulator.Deploy.0 = Debug|Any CPU
		{738B9EBA-AEE4-462D-A905-94D1BBACE161}.Release|Any CPU.ActiveCfg = Release|Any CPU
		{738B9EBA-AEE4-462D-A905-94D1BBACE161}.Release|Any CPU.Build.0 = Release|Any CPU
		{738B9EBA-AEE4-462D-A905-94D1BBACE161}.Release|Any CPU.Deploy.0 = Release|Any CPU
		{738B9EBA-AEE4-462D-A905-94D1BBACE161}.Release|iPhone.ActiveCfg = Release|Any CPU
		{738B9EBA-AEE4-462D-A905-94D1BBACE161}.Release|iPhone.Build.0 = Release|Any CPU
		{738B9EBA-AEE4-462D-A905-94D1BBACE161}.Release|iPhone.Deploy.0 = Release|Any CPU
		{738B9EBA-AEE4-462D-A905-94D1BBACE161}.Release|iPhoneSimulator.ActiveCfg = Release|Any CPU
		{738B9EBA-AEE4-462D-A905-94D1BBACE161}.Release|iPhoneSimulator.Build.0 = Release|Any CPU
		{738B9EBA-AEE4-462D-A905-94D1BBACE161}.Release|iPhoneSimulator.Deploy.0 = Release|Any CPU
		{1CD9B79A-17E9-4C8A-BCA5-8059FE852754}.Debug|Any CPU.ActiveCfg = Debug|iPhone
		{1CD9B79A-17E9-4C8A-BCA5-8059FE852754}.Debug|Any CPU.Build.0 = Debug|iPhone
		{1CD9B79A-17E9-4C8A-BCA5-8059FE852754}.Debug|Any CPU.Deploy.0 = Debug|iPhone
		{1CD9B79A-17E9-4C8A-BCA5-8059FE852754}.Debug|iPhone.ActiveCfg = Debug|iPhone
		{1CD9B79A-17E9-4C8A-BCA5-8059FE852754}.Debug|iPhone.Build.0 = Debug|iPhone
		{1CD9B79A-17E9-4C8A-BCA5-8059FE852754}.Debug|iPhone.Deploy.0 = Debug|iPhone
		{1CD9B79A-17E9-4C8A-BCA5-8059FE852754}.Debug|iPhoneSimulator.ActiveCfg = Debug|iPhoneSimulator
		{1CD9B79A-17E9-4C8A-BCA5-8059FE852754}.Debug|iPhoneSimulator.Build.0 = Debug|iPhoneSimulator
		{1CD9B79A-17E9-4C8A-BCA5-8059FE852754}.Debug|iPhoneSimulator.Deploy.0 = Debug|iPhoneSimulator
		{1CD9B79A-17E9-4C8A-BCA5-8059FE852754}.Release|Any CPU.ActiveCfg = Release|iPhoneSimulator
		{1CD9B79A-17E9-4C8A-BCA5-8059FE852754}.Release|Any CPU.Build.0 = Release|iPhoneSimulator
		{1CD9B79A-17E9-4C8A-BCA5-8059FE852754}.Release|Any CPU.Deploy.0 = Release|iPhoneSimulator
		{1CD9B79A-17E9-4C8A-BCA5-8059FE852754}.Release|iPhone.ActiveCfg = Release|iPhone
		{1CD9B79A-17E9-4C8A-BCA5-8059FE852754}.Release|iPhone.Build.0 = Release|iPhone
		{1CD9B79A-17E9-4C8A-BCA5-8059FE852754}.Release|iPhone.Deploy.0 = Release|iPhone
		{1CD9B79A-17E9-4C8A-BCA5-8059FE852754}.Release|iPhoneSimulator.ActiveCfg = Release|iPhoneSimulator
		{1CD9B79A-17E9-4C8A-BCA5-8059FE852754}.Release|iPhoneSimulator.Build.0 = Release|iPhoneSimulator
		{1CD9B79A-17E9-4C8A-BCA5-8059FE852754}.Release|iPhoneSimulator.Deploy.0 = Release|iPhoneSimulator
		{E701E523-DFBB-4245-891D-2B9CCE59FF47}.Debug|Any CPU.ActiveCfg = Debug|Any CPU
		{E701E523-DFBB-4245-891D-2B9CCE59FF47}.Debug|Any CPU.Build.0 = Debug|Any CPU
		{E701E523-DFBB-4245-891D-2B9CCE59FF47}.Debug|Any CPU.Deploy.0 = Debug|Any CPU
		{E701E523-DFBB-4245-891D-2B9CCE59FF47}.Debug|iPhone.ActiveCfg = Debug|Any CPU
		{E701E523-DFBB-4245-891D-2B9CCE59FF47}.Debug|iPhone.Build.0 = Debug|Any CPU
		{E701E523-DFBB-4245-891D-2B9CCE59FF47}.Debug|iPhone.Deploy.0 = Debug|Any CPU
		{E701E523-DFBB-4245-891D-2B9CCE59FF47}.Debug|iPhoneSimulator.ActiveCfg = Debug|Any CPU
		{E701E523-DFBB-4245-891D-2B9CCE59FF47}.Debug|iPhoneSimulator.Build.0 = Debug|Any CPU
		{E701E523-DFBB-4245-891D-2B9CCE59FF47}.Debug|iPhoneSimulator.Deploy.0 = Debug|Any CPU
		{E701E523-DFBB-4245-891D-2B9CCE59FF47}.Release|Any CPU.ActiveCfg = Release|Any CPU
		{E701E523-DFBB-4245-891D-2B9CCE59FF47}.Release|Any CPU.Build.0 = Release|Any CPU
		{E701E523-DFBB-4245-891D-2B9CCE59FF47}.Release|Any CPU.Deploy.0 = Release|Any CPU
		{E701E523-DFBB-4245-891D-2B9CCE59FF47}.Release|iPhone.ActiveCfg = Release|Any CPU
		{E701E523-DFBB-4245-891D-2B9CCE59FF47}.Release|iPhone.Build.0 = Release|Any CPU
		{E701E523-DFBB-4245-891D-2B9CCE59FF47}.Release|iPhone.Deploy.0 = Release|Any CPU
		{E701E523-DFBB-4245-891D-2B9CCE59FF47}.Release|iPhoneSimulator.ActiveCfg = Release|Any CPU
		{E701E523-DFBB-4245-891D-2B9CCE59FF47}.Release|iPhoneSimulator.Build.0 = Release|Any CPU
		{E701E523-DFBB-4245-891D-2B9CCE59FF47}.Release|iPhoneSimulator.Deploy.0 = Release|Any CPU
	EndGlobalSection
	GlobalSection(SolutionProperties) = preSolution
		HideSolutionNode = FALSE
	EndGlobalSection
	GlobalSection(ExtensibilityGlobals) = postSolution
		SolutionGuid = {D2DF04F3-BF18-497E-971F-617BC9735B44}
	EndGlobalSection
EndGlobal
